// !$*UTF8*$!
{
	archiveVersion = 1;
	classes = {
	};
	objectVersion = 46;
	objects = {

/* Begin PBXBuildFile section */
		76976F1A1B6606A700CBD6A3 /* AppDelegate.swift in Sources */ = {isa = PBXBuildFile; fileRef = 76976F191B6606A700CBD6A3 /* AppDelegate.swift */; };
		76976F1C1B6606A700CBD6A3 /* ViewController.swift in Sources */ = {isa = PBXBuildFile; fileRef = 76976F1B1B6606A700CBD6A3 /* ViewController.swift */; };
		76976F1F1B6606A800CBD6A3 /* Main.storyboard in Resources */ = {isa = PBXBuildFile; fileRef = 76976F1D1B6606A800CBD6A3 /* Main.storyboard */; };
		76976F211B6606A800CBD6A3 /* Assets.xcassets in Resources */ = {isa = PBXBuildFile; fileRef = 76976F201B6606A800CBD6A3 /* Assets.xcassets */; };
		76976F241B6606A800CBD6A3 /* LaunchScreen.storyboard in Resources */ = {isa = PBXBuildFile; fileRef = 76976F221B6606A800CBD6A3 /* LaunchScreen.storyboard */; };
/* End PBXBuildFile section */

/* Begin PBXFileReference section */
		76976F161B6606A700CBD6A3 /* BMICalculalor_Celine.app */ = {isa = PBXFileReference; explicitFileType = wrapper.application; includeInIndex = 0; path = BMICalculalor_Celine.app; sourceTree = BUILT_PRODUCTS_DIR; };
		76976F191B6606A700CBD6A3 /* AppDelegate.swift */ = {isa = PBXFileReference; lastKnownFileType = sourcecode.swift; path = AppDelegate.swift; sourceTree = "<group>"; };
		76976F1B1B6606A700CBD6A3 /* ViewController.swift */ = {isa = PBXFileReference; lastKnownFileType = sourcecode.swift; path = ViewController.swift; sourceTree = "<group>"; };
		76976F1E1B6606A800CBD6A3 /* Base */ = {isa = PBXFileReference; lastKnownFileType = file.storyboard; name = Base; path = Base.lproj/Main.storyboard; sourceTree = "<group>"; };
		76976F201B6606A800CBD6A3 /* Assets.xcassets */ = {isa = PBXFileReference; lastKnownFileType = folder.assetcatalog; path = Assets.xcassets; sourceTree = "<group>"; };
		76976F231B6606A800CBD6A3 /* Base */ = {isa = PBXFileReference; lastKnownFileType = file.storyboard; name = Base; path = Base.lproj/LaunchScreen.storyboard; sourceTree = "<group>"; };
		76976F251B6606A800CBD6A3 /* Info.plist */ = {isa = PBXFileReference; lastKnownFileType = text.plist.xml; path = Info.plist; sourceTree = "<group>"; };
/* End PBXFileReference section */

/* Begin PBXFrameworksBuildPhase section */
		76976F131B6606A700CBD6A3 /* Frameworks */ = {
			isa = PBXFrameworksBuildPhase;
			buildActionMask = 2147483647;
			files = (
			);
			runOnlyForDeploymentPostprocessing = 0;
		};
/* End PBXFrameworksBuildPhase section */

/* Begin PBXGroup section */
		76976F0D1B6606A700CBD6A3 = {
			isa = PBXGroup;
			children = (
				76976F181B6606A700CBD6A3 /* BMICalculalor_Celine */,
				76976F171B6606A700CBD6A3 /* Products */,
			);
			sourceTree = "<group>";
		};
		76976F171B6606A700CBD6A3 /* Products */ = {
			isa = PBXGroup;
			children = (
				76976F161B6606A700CBD6A3 /* BMICalculalor_Celine.app */,
			);
			name = Products;
			sourceTree = "<group>";
		};
		76976F181B6606A700CBD6A3 /* BMICalculalor_Celine */ = {
			isa = PBXGroup;
			children = (
				76976F191B6606A700CBD6A3 /* AppDelegate.swift */,
				76976F1B1B6606A700CBD6A3 /* ViewController.swift */,
				76976F1D1B6606A800CBD6A3 /* Main.storyboard */,
				76976F201B6606A800CBD6A3 /* Assets.xcassets */,
				76976F221B6606A800CBD6A3 /* LaunchScreen.storyboard */,
				76976F251B6606A800CBD6A3 /* Info.plist */,
			);
			path = BMICalculalor_Celine;
			sourceTree = "<group>";
		};
/* End PBXGroup section */

/* Begin PBXNativeTarget section */
		76976F151B6606A700CBD6A3 /* BMICalculalor_Celine */ = {
			isa = PBXNativeTarget;
			buildConfigurationList = 76976F281B6606A800CBD6A3 /* Build configuration list for PBXNativeTarget "BMICalculalor_Celine" */;
			buildPhases = (
				76976F121B6606A700CBD6A3 /* Sources */,
				76976F131B6606A700CBD6A3 /* Frameworks */,
				76976F141B6606A700CBD6A3 /* Resources */,
			);
			buildRules = (
			);
			dependencies = (
			);
			name = BMICalculalor_Celine;
			productName = BMICalculalor_Celine;
			productReference = 76976F161B6606A700CBD6A3 /* BMICalculalor_Celine.app */;
			productType = "com.apple.product-type.application";
		};
/* End PBXNativeTarget section */

/* Begin PBXProject section */
		76976F0E1B6606A700CBD6A3 /* Project object */ = {
			isa = PBXProject;
			attributes = {
				LastUpgradeCheck = 0700;
				ORGANIZATIONNAME = CelineChien;
				TargetAttributes = {
					76976F151B6606A700CBD6A3 = {
						CreatedOnToolsVersion = 7.0;
						DevelopmentTeam = 29B93BBEDN;
					};
				};
			};
			buildConfigurationList = 76976F111B6606A700CBD6A3 /* Build configuration list for PBXProject "BMICalculalor_Celine" */;
			compatibilityVersion = "Xcode 3.2";
			developmentRegion = English;
			hasScannedForEncodings = 0;
			knownRegions = (
				en,
				Base,
			);
			mainGroup = 76976F0D1B6606A700CBD6A3;
			productRefGroup = 76976F171B6606A700CBD6A3 /* Products */;
			projectDirPath = "";
			projectRoot = "";
			targets = (
				76976F151B6606A700CBD6A3 /* BMICalculalor_Celine */,
			);
		};
/* End PBXProject section */

/* Begin PBXResourcesBuildPhase section */
		76976F141B6606A700CBD6A3 /* Resources */ = {
			isa = PBXResourcesBuildPhase;
			buildActionMask = 2147483647;
			files = (
				76976F241B6606A800CBD6A3 /* LaunchScreen.storyboard in Resources */,
				76976F211B6606A800CBD6A3 /* Assets.xcassets in Resources */,
				76976F1F1B6606A800CBD6A3 /* Main.storyboard in Resources */,
			);
			runOnlyForDeploymentPostprocessing = 0;
		};
/* End PBXResourcesBuildPhase section */

/* Begin PBXSourcesBuildPhase section */
		76976F121B6606A700CBD6A3 /* Sources */ = {
			isa = PBXSourcesBuildPhase;
			buildActionMask = 2147483647;
			files = (
				76976F1C1B6606A700CBD6A3 /* ViewController.swift in Sources */,
				76976F1A1B6606A700CBD6A3 /* AppDelegate.swift in Sources */,
			);
			runOnlyForDeploymentPostprocessing = 0;
		};
/* End PBXSourcesBuildPhase section */

/* Begin PBXVariantGroup section */
		76976F1D1B6606A800CBD6A3 /* Main.storyboard */ = {
			isa = PBXVariantGroup;
			children = (
				76976F1E1B6606A800CBD6A3 /* Base */,
			);
			name = Main.storyboard;
			sourceTree = "<group>";
		};
		76976F221B6606A800CBD6A3 /* LaunchScreen.storyboard */ = {
			isa = PBXVariantGroup;
			children = (
				76976F231B6606A800CBD6A3 /* Base */,
			);
			name = LaunchScreen.storyboard;
			sourceTree = "<group>";
		};
/* End PBXVariantGroup section */

/* Begin XCBuildConfiguration section */
		76976F261B6606A800CBD6A3 /* Debug */ = {
			isa = XCBuildConfiguration;
			buildSettings = {
				ALWAYS_SEARCH_USER_PATHS = NO;
				CLANG_CXX_LANGUAGE_STANDARD = "gnu++0x";
				CLANG_CXX_LIBRARY = "libc++";
				CLANG_ENABLE_MODULES = YES;
				CLANG_ENABLE_OBJC_ARC = YES;
				CLANG_WARN_BOOL_CONVERSION = YES;
				CLANG_WARN_CONSTANT_CONVERSION = YES;
				CLANG_WARN_DIRECT_OBJC_ISA_USAGE = YES_ERROR;
				CLANG_WARN_EMPTY_BODY = YES;
				CLANG_WARN_ENUM_CONVERSION = YES;
				CLANG_WARN_INT_CONVERSION = YES;
				CLANG_WARN_OBJC_ROOT_CLASS = YES_ERROR;
				CLANG_WARN_UNREACHABLE_CODE = YES;
				CLANG_WARN__DUPLICATE_METHOD_MATCH = YES;
				"CODE_SIGN_IDENTITY[sdk=iphoneos*]" = "iPhone Developer";
				COPY_PHASE_STRIP = NO;
				DEBUG_INFORMATION_FORMAT = dwarf;
				ENABLE_STRICT_OBJC_MSGSEND = YES;
				ENABLE_TESTABILITY = YES;
				GCC_C_LANGUAGE_STANDARD = gnu99;
				GCC_DYNAMIC_NO_PIC = NO;
				GCC_NO_COMMON_BLOCKS = YES;
				GCC_OPTIMIZATION_LEVEL = 0;
				GCC_PREPROCESSOR_DEFINITIONS = (
					"DEBUG=1",
					"$(inherited)",
				);
				GCC_WARN_64_TO_32_BIT_CONVERSION = YES;
				GCC_WARN_ABOUT_RETURN_TYPE = YES_ERROR;
				GCC_WARN_UNDECLARED_SELECTOR = YES;
				GCC_WARN_UNINITIALIZED_AUTOS = YES_AGGRESSIVE;
				GCC_WARN_UNUSED_FUNCTION = YES;
				GCC_WARN_UNUSED_VARIABLE = YES;
				IPHONEOS_DEPLOYMENT_TARGET = 9.0;
				MTL_ENABLE_DEBUG_INFO = YES;
				ONLY_ACTIVE_ARCH = YES;
				SDKROOT = iphoneos;
				SWIFT_OPTIMIZATION_LEVEL = "-Onone";
				TARGETED_DEVICE_FAMILY = "1,2";
			};
			name = Debug;
		};
		76976F271B6606A800CBD6A3 /* Release */ = {
			isa = XCBuildConfiguration;
			buildSettings = {
				ALWAYS_SEARCH_USER_PATHS = NO;
				CLANG_CXX_LANGUAGE_STANDARD = "gnu++0x";
				CLANG_CXX_LIBRARY = "libc++";
				CLANG_ENABLE_MODULES = YES;
				CLANG_ENABLE_OBJC_ARC = YES;
				CLANG_WARN_BOOL_CONVERSION = YES;
				CLANG_WARN_CONSTANT_CONVERSION = YES;
				CLANG_WARN_DIRECT_OBJC_ISA_USAGE = YES_ERROR;
				CLANG_WARN_EMPTY_BODY = YES;
				CLANG_WARN_ENUM_CONVERSION = YES;
				CLANG_WARN_INT_CONVERSION = YES;
				CLANG_WARN_OBJC_ROOT_CLASS = YES_ERROR;
				CLANG_WARN_UNREACHABLE_CODE = YES;
				CLANG_WARN__DUPLICATE_METHOD_MATCH = YES;
				"CODE_SIGN_IDENTITY[sdk=iphoneos*]" = "iPhone Developer";
				COPY_PHASE_STRIP = NO;
				DEBUG_INFORMATION_FORMAT = "dwarf-with-dsym";
				ENABLE_NS_ASSERTIONS = NO;
				ENABLE_STRICT_OBJC_MSGSEND = YES;
				GCC_C_LANGUAGE_STANDARD = gnu99;
				GCC_NO_COMMON_BLOCKS = YES;
				GCC_WARN_64_TO_32_BIT_CONVERSION = YES;
				GCC_WARN_ABOUT_RETURN_TYPE = YES_ERROR;
				GCC_WARN_UNDECLARED_SELECTOR = YES;
				GCC_WARN_UNINITIALIZED_AUTOS = YES_AGGRESSIVE;
				GCC_WARN_UNUSED_FUNCTION = YES;
				GCC_WARN_UNUSED_VARIABLE = YES;
				IPHONEOS_DEPLOYMENT_TARGET = 9.0;
				MTL_ENABLE_DEBUG_INFO = NO;
				SDKROOT = iphoneos;
				TARGETED_DEVICE_FAMILY = "1,2";
				VALIDATE_PRODUCT = YES;
			};
			name = Release;
		};
		76976F291B6606A800CBD6A3 /* Debug */ = {
			isa = XCBuildConfiguration;
			buildSettings = {
				ASSETCATALOG_COMPILER_APPICON_NAME = AppIcon;
				CODE_SIGN_IDENTITY = "iPhone Developer";
				"CODE_SIGN_IDENTITY[sdk=iphoneos*]" = "iPhone Developer";
				INFOPLIST_FILE = BMICalculalor_Celine/Info.plist;
				LD_RUNPATH_SEARCH_PATHS = "$(inherited) @executable_path/Frameworks";
				PRODUCT_BUNDLE_IDENTIFIER = "com.YYQX.BMICalculalor-Celine";
				PRODUCT_NAME = "$(TARGET_NAME)";
				PROVISIONING_PROFILE = "";
			};
			name = Debug;
		};
		76976F2A1B6606A800CBD6A3 /* Release */ = {
			isa = XCBuildConfiguration;
			buildSettings = {
				ASSETCATALOG_COMPILER_APPICON_NAME = AppIcon;
				CODE_SIGN_IDENTITY = "iPhone Developer";
				"CODE_SIGN_IDENTITY[sdk=iphoneos*]" = "iPhone Developer";
				INFOPLIST_FILE = BMICalculalor_Celine/Info.plist;
				LD_RUNPATH_SEARCH_PATHS = "$(inherited) @executable_path/Frameworks";
				PRODUCT_BUNDLE_IDENTIFIER = "com.YYQX.BMICalculalor-Celine";
				PRODUCT_NAME = "$(TARGET_NAME)";
				PROVISIONING_PROFILE = "";
			};
			name = Release;
		};
/* End XCBuildConfiguration section */

/* Begin XCConfigurationList section */
		76976F111B6606A700CBD6A3 /* Build configuration list for PBXProject "BMICalculalor_Celine" */ = {
			isa = XCConfigurationList;
			buildConfigurations = (
				76976F261B6606A800CBD6A3 /* Debug */,
				76976F271B6606A800CBD6A3 /* Release */,
			);
			defaultConfigurationIsVisible = 0;
			defaultConfigurationName = Release;
		};
		76976F281B6606A800CBD6A3 /* Build configuration list for PBXNativeTarget "BMICalculalor_Celine" */ = {
			isa = XCConfigurationList;
			buildConfigurations = (
				76976F291B6606A800CBD6A3 /* Debug */,
				76976F2A1B6606A800CBD6A3 /* Release */,
			);
			defaultConfigurationIsVisible = 0;
		};
/* End XCConfigurationList section */
	};
	rootObject = 76976F0E1B6606A700CBD6A3 /* Project object */;
}
