// !$*UTF8*$!
{
	archiveVersion = 1;
	classes = {
	};
	objectVersion = 46;
	objects = {

/* Begin PBXBuildFile section */
		7692B0201B82D7B00039F5F9 /* JoystickViewController.swift in Sources */ = {isa = PBXBuildFile; fileRef = 7692B01F1B82D7B00039F5F9 /* JoystickViewController.swift */; };
		7692B0221B82D8110039F5F9 /* RobotUIKit.framework in Frameworks */ = {isa = PBXBuildFile; fileRef = 7692B0211B82D8110039F5F9 /* RobotUIKit.framework */; };
		7692B0241B82D8250039F5F9 /* RobotUIKit.bundle in Resources */ = {isa = PBXBuildFile; fileRef = 7692B0231B82D8250039F5F9 /* RobotUIKit.bundle */; };
		76C879241B81BC28009A6CB2 /* RobotKit.framework in Frameworks */ = {isa = PBXBuildFile; fileRef = 76C879231B81BC28009A6CB2 /* RobotKit.framework */; };
		76C879711B81C3CB009A6CB2 /* OllieDeviceManager.swift in Sources */ = {isa = PBXBuildFile; fileRef = 76C879701B81C3CB009A6CB2 /* OllieDeviceManager.swift */; };
		76C879731B81CC19009A6CB2 /* ButtonVersionViewController.swift in Sources */ = {isa = PBXBuildFile; fileRef = 76C879721B81CC19009A6CB2 /* ButtonVersionViewController.swift */; };
		76E1818C1B7C768B00E9B919 /* AppDelegate.swift in Sources */ = {isa = PBXBuildFile; fileRef = 76E1818B1B7C768B00E9B919 /* AppDelegate.swift */; };
		76E1818E1B7C768B00E9B919 /* ViewController.swift in Sources */ = {isa = PBXBuildFile; fileRef = 76E1818D1B7C768B00E9B919 /* ViewController.swift */; };
		76E181911B7C768B00E9B919 /* Main.storyboard in Resources */ = {isa = PBXBuildFile; fileRef = 76E1818F1B7C768B00E9B919 /* Main.storyboard */; };
		76E181931B7C768B00E9B919 /* Assets.xcassets in Resources */ = {isa = PBXBuildFile; fileRef = 76E181921B7C768B00E9B919 /* Assets.xcassets */; };
		76E181961B7C768B00E9B919 /* LaunchScreen.storyboard in Resources */ = {isa = PBXBuildFile; fileRef = 76E181941B7C768B00E9B919 /* LaunchScreen.storyboard */; };
/* End PBXBuildFile section */

/* Begin PBXFileReference section */
		7692B01F1B82D7B00039F5F9 /* JoystickViewController.swift */ = {isa = PBXFileReference; fileEncoding = 4; lastKnownFileType = sourcecode.swift; name = JoystickViewController.swift; path = ../JoystickViewController.swift; sourceTree = "<group>"; };
		7692B0211B82D8110039F5F9 /* RobotUIKit.framework */ = {isa = PBXFileReference; lastKnownFileType = wrapper.framework; path = RobotUIKit.framework; sourceTree = "<group>"; };
		7692B0231B82D8250039F5F9 /* RobotUIKit.bundle */ = {isa = PBXFileReference; lastKnownFileType = "wrapper.plug-in"; path = RobotUIKit.bundle; sourceTree = "<group>"; };
		769E029E1B81DB94000E78A9 /* RobotKitLE.framework */ = {isa = PBXFileReference; lastKnownFileType = wrapper.framework; path = RobotKitLE.framework; sourceTree = "<group>"; };
		76C879231B81BC28009A6CB2 /* RobotKit.framework */ = {isa = PBXFileReference; lastKnownFileType = wrapper.framework; path = RobotKit.framework; sourceTree = "<group>"; };
		76C879701B81C3CB009A6CB2 /* OllieDeviceManager.swift */ = {isa = PBXFileReference; fileEncoding = 4; lastKnownFileType = sourcecode.swift; path = OllieDeviceManager.swift; sourceTree = "<group>"; };
		76C879721B81CC19009A6CB2 /* ButtonVersionViewController.swift */ = {isa = PBXFileReference; fileEncoding = 4; lastKnownFileType = sourcecode.swift; path = ButtonVersionViewController.swift; sourceTree = "<group>"; };
		76E181881B7C768B00E9B919 /* OllieTest_ㄌㄩㄝx.app */ = {isa = PBXFileReference; explicitFileType = wrapper.application; includeInIndex = 0; path = "OllieTest_ㄌㄩㄝx.app"; sourceTree = BUILT_PRODUCTS_DIR; };
		76E1818B1B7C768B00E9B919 /* AppDelegate.swift */ = {isa = PBXFileReference; lastKnownFileType = sourcecode.swift; path = AppDelegate.swift; sourceTree = "<group>"; };
		76E1818D1B7C768B00E9B919 /* ViewController.swift */ = {isa = PBXFileReference; lastKnownFileType = sourcecode.swift; path = ViewController.swift; sourceTree = "<group>"; };
		76E181901B7C768B00E9B919 /* Base */ = {isa = PBXFileReference; lastKnownFileType = file.storyboard; name = Base; path = Base.lproj/Main.storyboard; sourceTree = "<group>"; };
		76E181921B7C768B00E9B919 /* Assets.xcassets */ = {isa = PBXFileReference; lastKnownFileType = folder.assetcatalog; path = Assets.xcassets; sourceTree = "<group>"; };
		76E181951B7C768B00E9B919 /* Base */ = {isa = PBXFileReference; lastKnownFileType = file.storyboard; name = Base; path = Base.lproj/LaunchScreen.storyboard; sourceTree = "<group>"; };
		76E181971B7C768B00E9B919 /* Info.plist */ = {isa = PBXFileReference; lastKnownFileType = text.plist.xml; path = Info.plist; sourceTree = "<group>"; };
		76E1819F1B7C79A300E9B919 /* OllieTest_ㄌㄩㄝx-Bridging-Header.h */ = {isa = PBXFileReference; lastKnownFileType = sourcecode.c.h; path = "OllieTest_ㄌㄩㄝx-Bridging-Header.h"; sourceTree = "<group>"; };
/* End PBXFileReference section */

/* Begin PBXFrameworksBuildPhase section */
		76E181851B7C768B00E9B919 /* Frameworks */ = {
			isa = PBXFrameworksBuildPhase;
			buildActionMask = 2147483647;
			files = (
				7692B0221B82D8110039F5F9 /* RobotUIKit.framework in Frameworks */,
				76C879241B81BC28009A6CB2 /* RobotKit.framework in Frameworks */,
			);
			runOnlyForDeploymentPostprocessing = 0;
		};
/* End PBXFrameworksBuildPhase section */

/* Begin PBXGroup section */
		76E1817F1B7C768B00E9B919 = {
			isa = PBXGroup;
			children = (
				7692B0231B82D8250039F5F9 /* RobotUIKit.bundle */,
				769E029E1B81DB94000E78A9 /* RobotKitLE.framework */,
				76E1818A1B7C768B00E9B919 /* OllieTest_ㄌㄩㄝx */,
				76E181891B7C768B00E9B919 /* Products */,
			);
			sourceTree = "<group>";
		};
		76E181891B7C768B00E9B919 /* Products */ = {
			isa = PBXGroup;
			children = (
				76E181881B7C768B00E9B919 /* OllieTest_ㄌㄩㄝx.app */,
			);
			name = Products;
			sourceTree = "<group>";
		};
		76E1818A1B7C768B00E9B919 /* OllieTest_ㄌㄩㄝx */ = {
			isa = PBXGroup;
			children = (
				7692B0211B82D8110039F5F9 /* RobotUIKit.framework */,
				7692B01F1B82D7B00039F5F9 /* JoystickViewController.swift */,
				76C879231B81BC28009A6CB2 /* RobotKit.framework */,
				76E1818B1B7C768B00E9B919 /* AppDelegate.swift */,
				76E1818D1B7C768B00E9B919 /* ViewController.swift */,
				76E1818F1B7C768B00E9B919 /* Main.storyboard */,
				76E181921B7C768B00E9B919 /* Assets.xcassets */,
				76E181941B7C768B00E9B919 /* LaunchScreen.storyboard */,
				76E181971B7C768B00E9B919 /* Info.plist */,
				76E1819F1B7C79A300E9B919 /* OllieTest_ㄌㄩㄝx-Bridging-Header.h */,
				76C879701B81C3CB009A6CB2 /* OllieDeviceManager.swift */,
				76C879721B81CC19009A6CB2 /* ButtonVersionViewController.swift */,
			);
			path = "OllieTest_ㄌㄩㄝx";
			sourceTree = "<group>";
		};
/* End PBXGroup section */

/* Begin PBXNativeTarget section */
		76E181871B7C768B00E9B919 /* OllieTest_ㄌㄩㄝx */ = {
			isa = PBXNativeTarget;
			buildConfigurationList = 76E1819A1B7C768B00E9B919 /* Build configuration list for PBXNativeTarget "OllieTest_ㄌㄩㄝx" */;
			buildPhases = (
				76E181841B7C768B00E9B919 /* Sources */,
				76E181851B7C768B00E9B919 /* Frameworks */,
				76E181861B7C768B00E9B919 /* Resources */,
			);
			buildRules = (
			);
			dependencies = (
			);
			name = "OllieTest_ㄌㄩㄝx";
			productName = "OllieTest_ㄌㄩㄝx";
			productReference = 76E181881B7C768B00E9B919 /* OllieTest_ㄌㄩㄝx.app */;
			productType = "com.apple.product-type.application";
		};
/* End PBXNativeTarget section */

/* Begin PBXProject section */
		76E181801B7C768B00E9B919 /* Project object */ = {
			isa = PBXProject;
			attributes = {
				LastSwiftUpdateCheck = 0700;
				LastUpgradeCheck = 0700;
				ORGANIZATIONNAME = CelineChien;
				TargetAttributes = {
					76E181871B7C768B00E9B919 = {
						CreatedOnToolsVersion = 7.0;
						DevelopmentTeam = 29B93BBEDN;
						SystemCapabilities = {
							com.apple.BackgroundModes = {
								enabled = 1;
							};
						};
					};
				};
			};
			buildConfigurationList = 76E181831B7C768B00E9B919 /* Build configuration list for PBXProject "OllieTest_ㄌㄩㄝx" */;
			compatibilityVersion = "Xcode 3.2";
			developmentRegion = English;
			hasScannedForEncodings = 0;
			knownRegions = (
				en,
				Base,
			);
			mainGroup = 76E1817F1B7C768B00E9B919;
			productRefGroup = 76E181891B7C768B00E9B919 /* Products */;
			projectDirPath = "";
			projectRoot = "";
			targets = (
				76E181871B7C768B00E9B919 /* OllieTest_ㄌㄩㄝx */,
			);
		};
/* End PBXProject section */

/* Begin PBXResourcesBuildPhase section */
		76E181861B7C768B00E9B919 /* Resources */ = {
			isa = PBXResourcesBuildPhase;
			buildActionMask = 2147483647;
			files = (
				76E181961B7C768B00E9B919 /* LaunchScreen.storyboard in Resources */,
				7692B0241B82D8250039F5F9 /* RobotUIKit.bundle in Resources */,
				76E181931B7C768B00E9B919 /* Assets.xcassets in Resources */,
				76E181911B7C768B00E9B919 /* Main.storyboard in Resources */,
			);
			runOnlyForDeploymentPostprocessing = 0;
		};
/* End PBXResourcesBuildPhase section */

/* Begin PBXSourcesBuildPhase section */
		76E181841B7C768B00E9B919 /* Sources */ = {
			isa = PBXSourcesBuildPhase;
			buildActionMask = 2147483647;
			files = (
				76E1818E1B7C768B00E9B919 /* ViewController.swift in Sources */,
				76C879711B81C3CB009A6CB2 /* OllieDeviceManager.swift in Sources */,
				76E1818C1B7C768B00E9B919 /* AppDelegate.swift in Sources */,
				76C879731B81CC19009A6CB2 /* ButtonVersionViewController.swift in Sources */,
				7692B0201B82D7B00039F5F9 /* JoystickViewController.swift in Sources */,
			);
			runOnlyForDeploymentPostprocessing = 0;
		};
/* End PBXSourcesBuildPhase section */

/* Begin PBXVariantGroup section */
		76E1818F1B7C768B00E9B919 /* Main.storyboard */ = {
			isa = PBXVariantGroup;
			children = (
				76E181901B7C768B00E9B919 /* Base */,
			);
			name = Main.storyboard;
			sourceTree = "<group>";
		};
		76E181941B7C768B00E9B919 /* LaunchScreen.storyboard */ = {
			isa = PBXVariantGroup;
			children = (
				76E181951B7C768B00E9B919 /* Base */,
			);
			name = LaunchScreen.storyboard;
			sourceTree = "<group>";
		};
/* End PBXVariantGroup section */

/* Begin XCBuildConfiguration section */
		76E181981B7C768B00E9B919 /* Debug */ = {
			isa = XCBuildConfiguration;
			buildSettings = {
				ALWAYS_SEARCH_USER_PATHS = NO;
				CLANG_CXX_LANGUAGE_STANDARD = "gnu++0x";
				CLANG_CXX_LIBRARY = "libc++";
				CLANG_ENABLE_MODULES = YES;
				CLANG_ENABLE_OBJC_ARC = YES;
				CLANG_WARN_BOOL_CONVERSION = YES;
				CLANG_WARN_CONSTANT_CONVERSION = YES;
				CLANG_WARN_DIRECT_OBJC_ISA_USAGE = YES_ERROR;
				CLANG_WARN_EMPTY_BODY = YES;
				CLANG_WARN_ENUM_CONVERSION = YES;
				CLANG_WARN_INT_CONVERSION = YES;
				CLANG_WARN_OBJC_ROOT_CLASS = YES_ERROR;
				CLANG_WARN_UNREACHABLE_CODE = YES;
				CLANG_WARN__DUPLICATE_METHOD_MATCH = YES;
				"CODE_SIGN_IDENTITY[sdk=iphoneos*]" = "iPhone Developer";
				COPY_PHASE_STRIP = NO;
				DEBUG_INFORMATION_FORMAT = dwarf;
				ENABLE_STRICT_OBJC_MSGSEND = YES;
				ENABLE_TESTABILITY = YES;
				GCC_C_LANGUAGE_STANDARD = gnu99;
				GCC_DYNAMIC_NO_PIC = NO;
				GCC_NO_COMMON_BLOCKS = YES;
				GCC_OPTIMIZATION_LEVEL = 0;
				GCC_PREPROCESSOR_DEFINITIONS = (
					"DEBUG=1",
					"$(inherited)",
				);
				GCC_WARN_64_TO_32_BIT_CONVERSION = YES;
				GCC_WARN_ABOUT_RETURN_TYPE = YES_ERROR;
				GCC_WARN_UNDECLARED_SELECTOR = YES;
				GCC_WARN_UNINITIALIZED_AUTOS = YES_AGGRESSIVE;
				GCC_WARN_UNUSED_FUNCTION = YES;
				GCC_WARN_UNUSED_VARIABLE = YES;
				IPHONEOS_DEPLOYMENT_TARGET = 9.0;
				MTL_ENABLE_DEBUG_INFO = YES;
				ONLY_ACTIVE_ARCH = YES;
				SDKROOT = iphoneos;
				SWIFT_OPTIMIZATION_LEVEL = "-Onone";
			};
			name = Debug;
		};
		76E181991B7C768B00E9B919 /* Release */ = {
			isa = XCBuildConfiguration;
			buildSettings = {
				ALWAYS_SEARCH_USER_PATHS = NO;
				CLANG_CXX_LANGUAGE_STANDARD = "gnu++0x";
				CLANG_CXX_LIBRARY = "libc++";
				CLANG_ENABLE_MODULES = YES;
				CLANG_ENABLE_OBJC_ARC = YES;
				CLANG_WARN_BOOL_CONVERSION = YES;
				CLANG_WARN_CONSTANT_CONVERSION = YES;
				CLANG_WARN_DIRECT_OBJC_ISA_USAGE = YES_ERROR;
				CLANG_WARN_EMPTY_BODY = YES;
				CLANG_WARN_ENUM_CONVERSION = YES;
				CLANG_WARN_INT_CONVERSION = YES;
				CLANG_WARN_OBJC_ROOT_CLASS = YES_ERROR;
				CLANG_WARN_UNREACHABLE_CODE = YES;
				CLANG_WARN__DUPLICATE_METHOD_MATCH = YES;
				"CODE_SIGN_IDENTITY[sdk=iphoneos*]" = "iPhone Developer";
				COPY_PHASE_STRIP = NO;
				DEBUG_INFORMATION_FORMAT = "dwarf-with-dsym";
				ENABLE_NS_ASSERTIONS = NO;
				ENABLE_STRICT_OBJC_MSGSEND = YES;
				GCC_C_LANGUAGE_STANDARD = gnu99;
				GCC_NO_COMMON_BLOCKS = YES;
				GCC_WARN_64_TO_32_BIT_CONVERSION = YES;
				GCC_WARN_ABOUT_RETURN_TYPE = YES_ERROR;
				GCC_WARN_UNDECLARED_SELECTOR = YES;
				GCC_WARN_UNINITIALIZED_AUTOS = YES_AGGRESSIVE;
				GCC_WARN_UNUSED_FUNCTION = YES;
				GCC_WARN_UNUSED_VARIABLE = YES;
				IPHONEOS_DEPLOYMENT_TARGET = 9.0;
				MTL_ENABLE_DEBUG_INFO = NO;
				SDKROOT = iphoneos;
				VALIDATE_PRODUCT = YES;
			};
			name = Release;
		};
		76E1819B1B7C768B00E9B919 /* Debug */ = {
			isa = XCBuildConfiguration;
			buildSettings = {
				ASSETCATALOG_COMPILER_APPICON_NAME = AppIcon;
				CLANG_ENABLE_MODULES = YES;
				CODE_SIGN_IDENTITY = "iPhone Developer";
				"CODE_SIGN_IDENTITY[sdk=iphoneos*]" = "iPhone Developer";
				ENABLE_BITCODE = NO;
				FRAMEWORK_SEARCH_PATHS = (
					"$(inherited)",
					"$(PROJECT_DIR)/OllieTest_ㄌㄩㄝx",
					"$(PROJECT_DIR)",
				);
				INFOPLIST_FILE = "OllieTest_ㄌㄩㄝx/Info.plist";
				LD_RUNPATH_SEARCH_PATHS = "$(inherited) @executable_path/Frameworks @loader_path/Frameworks";
				OTHER_LDFLAGS = (
					"-ObjC",
					"-lstdc++",
				);
				PRODUCT_BUNDLE_IDENTIFIER = "com.YYQX.OllieTest----x";
				PRODUCT_NAME = "$(TARGET_NAME)";
				PROVISIONING_PROFILE = "";
				SWIFT_OBJC_BRIDGING_HEADER = "OllieTest_ㄌㄩㄝx/OllieTest_ㄌㄩㄝx-Bridging-Header.h";
				SWIFT_OPTIMIZATION_LEVEL = "-Onone";
			};
			name = Debug;
		};
		76E1819C1B7C768B00E9B919 /* Release */ = {
			isa = XCBuildConfiguration;
			buildSettings = {
				ASSETCATALOG_COMPILER_APPICON_NAME = AppIcon;
				CLANG_ENABLE_MODULES = YES;
				CODE_SIGN_IDENTITY = "iPhone Developer";
				"CODE_SIGN_IDENTITY[sdk=iphoneos*]" = "iPhone Developer";
				ENABLE_BITCODE = NO;
				FRAMEWORK_SEARCH_PATHS = (
					"$(inherited)",
					"$(PROJECT_DIR)/OllieTest_ㄌㄩㄝx",
					"$(PROJECT_DIR)",
				);
				INFOPLIST_FILE = "OllieTest_ㄌㄩㄝx/Info.plist";
				LD_RUNPATH_SEARCH_PATHS = "$(inherited) @executable_path/Frameworks @loader_path/Frameworks";
				OTHER_LDFLAGS = (
					"-ObjC",
					"-lstdc++",
				);
				PRODUCT_BUNDLE_IDENTIFIER = "com.YYQX.OllieTest----x";
				PRODUCT_NAME = "$(TARGET_NAME)";
				PROVISIONING_PROFILE = "";
				SWIFT_OBJC_BRIDGING_HEADER = "OllieTest_ㄌㄩㄝx/OllieTest_ㄌㄩㄝx-Bridging-Header.h";
			};
			name = Release;
		};
/* End XCBuildConfiguration section */

/* Begin XCConfigurationList section */
		76E181831B7C768B00E9B919 /* Build configuration list for PBXProject "OllieTest_ㄌㄩㄝx" */ = {
			isa = XCConfigurationList;
			buildConfigurations = (
				76E181981B7C768B00E9B919 /* Debug */,
				76E181991B7C768B00E9B919 /* Release */,
			);
			defaultConfigurationIsVisible = 0;
			defaultConfigurationName = Release;
		};
		76E1819A1B7C768B00E9B919 /* Build configuration list for PBXNativeTarget "OllieTest_ㄌㄩㄝx" */ = {
			isa = XCConfigurationList;
			buildConfigurations = (
				76E1819B1B7C768B00E9B919 /* Debug */,
				76E1819C1B7C768B00E9B919 /* Release */,
			);
			defaultConfigurationIsVisible = 0;
			defaultConfigurationName = Release;
		};
/* End XCConfigurationList section */
	};
	rootObject = 76E181801B7C768B00E9B919 /* Project object */;
}
