// !$*UTF8*$!
{
	archiveVersion = 1;
	classes = {
	};
	objectVersion = 46;
	objects = {

/* Begin PBXBuildFile section */
		76C879321B81BD01009A6CB2 /* AppDelegate.swift in Sources */ = {isa = PBXBuildFile; fileRef = 76C879311B81BD01009A6CB2 /* AppDelegate.swift */; };
		76C879341B81BD01009A6CB2 /* ViewController.swift in Sources */ = {isa = PBXBuildFile; fileRef = 76C879331B81BD01009A6CB2 /* ViewController.swift */; };
		76C879371B81BD01009A6CB2 /* Main.storyboard in Resources */ = {isa = PBXBuildFile; fileRef = 76C879351B81BD01009A6CB2 /* Main.storyboard */; };
		76C879391B81BD01009A6CB2 /* Assets.xcassets in Resources */ = {isa = PBXBuildFile; fileRef = 76C879381B81BD01009A6CB2 /* Assets.xcassets */; };
		76C8793C1B81BD01009A6CB2 /* LaunchScreen.storyboard in Resources */ = {isa = PBXBuildFile; fileRef = 76C8793A1B81BD01009A6CB2 /* LaunchScreen.storyboard */; };
		76C879481B81BE60009A6CB2 /* RobotKit.framework in Frameworks */ = {isa = PBXBuildFile; fileRef = 76C879471B81BE60009A6CB2 /* RobotKit.framework */; };
/* End PBXBuildFile section */

/* Begin PBXFileReference section */
		76C8792E1B81BD01009A6CB2 /* OllieController_Celine.app */ = {isa = PBXFileReference; explicitFileType = wrapper.application; includeInIndex = 0; path = OllieController_Celine.app; sourceTree = BUILT_PRODUCTS_DIR; };
		76C879311B81BD01009A6CB2 /* AppDelegate.swift */ = {isa = PBXFileReference; lastKnownFileType = sourcecode.swift; path = AppDelegate.swift; sourceTree = "<group>"; };
		76C879331B81BD01009A6CB2 /* ViewController.swift */ = {isa = PBXFileReference; lastKnownFileType = sourcecode.swift; path = ViewController.swift; sourceTree = "<group>"; };
		76C879361B81BD01009A6CB2 /* Base */ = {isa = PBXFileReference; lastKnownFileType = file.storyboard; name = Base; path = Base.lproj/Main.storyboard; sourceTree = "<group>"; };
		76C879381B81BD01009A6CB2 /* Assets.xcassets */ = {isa = PBXFileReference; lastKnownFileType = folder.assetcatalog; path = Assets.xcassets; sourceTree = "<group>"; };
		76C8793B1B81BD01009A6CB2 /* Base */ = {isa = PBXFileReference; lastKnownFileType = file.storyboard; name = Base; path = Base.lproj/LaunchScreen.storyboard; sourceTree = "<group>"; };
		76C8793D1B81BD01009A6CB2 /* Info.plist */ = {isa = PBXFileReference; lastKnownFileType = text.plist.xml; path = Info.plist; sourceTree = "<group>"; };
		76C879471B81BE60009A6CB2 /* RobotKit.framework */ = {isa = PBXFileReference; lastKnownFileType = wrapper.framework; path = RobotKit.framework; sourceTree = "<group>"; };
/* End PBXFileReference section */

/* Begin PBXFrameworksBuildPhase section */
		76C8792B1B81BD01009A6CB2 /* Frameworks */ = {
			isa = PBXFrameworksBuildPhase;
			buildActionMask = 2147483647;
			files = (
				76C879481B81BE60009A6CB2 /* RobotKit.framework in Frameworks */,
			);
			runOnlyForDeploymentPostprocessing = 0;
		};
/* End PBXFrameworksBuildPhase section */

/* Begin PBXGroup section */
		76C879251B81BD01009A6CB2 = {
			isa = PBXGroup;
			children = (
				76C879301B81BD01009A6CB2 /* OllieController_Celine */,
				76C8792F1B81BD01009A6CB2 /* Products */,
			);
			sourceTree = "<group>";
		};
		76C8792F1B81BD01009A6CB2 /* Products */ = {
			isa = PBXGroup;
			children = (
				76C8792E1B81BD01009A6CB2 /* OllieController_Celine.app */,
			);
			name = Products;
			sourceTree = "<group>";
		};
		76C879301B81BD01009A6CB2 /* OllieController_Celine */ = {
			isa = PBXGroup;
			children = (
				76C879311B81BD01009A6CB2 /* AppDelegate.swift */,
				76C879331B81BD01009A6CB2 /* ViewController.swift */,
				76C879351B81BD01009A6CB2 /* Main.storyboard */,
				76C879381B81BD01009A6CB2 /* Assets.xcassets */,
				76C8793A1B81BD01009A6CB2 /* LaunchScreen.storyboard */,
				76C8793D1B81BD01009A6CB2 /* Info.plist */,
				76C879471B81BE60009A6CB2 /* RobotKit.framework */,
			);
			path = OllieController_Celine;
			sourceTree = "<group>";
		};
/* End PBXGroup section */

/* Begin PBXNativeTarget section */
		76C8792D1B81BD01009A6CB2 /* OllieController_Celine */ = {
			isa = PBXNativeTarget;
			buildConfigurationList = 76C879401B81BD01009A6CB2 /* Build configuration list for PBXNativeTarget "OllieController_Celine" */;
			buildPhases = (
				76C8792A1B81BD01009A6CB2 /* Sources */,
				76C8792B1B81BD01009A6CB2 /* Frameworks */,
				76C8792C1B81BD01009A6CB2 /* Resources */,
			);
			buildRules = (
			);
			dependencies = (
			);
			name = OllieController_Celine;
			productName = OllieController_Celine;
			productReference = 76C8792E1B81BD01009A6CB2 /* OllieController_Celine.app */;
			productType = "com.apple.product-type.application";
		};
/* End PBXNativeTarget section */

/* Begin PBXProject section */
		76C879261B81BD01009A6CB2 /* Project object */ = {
			isa = PBXProject;
			attributes = {
				LastSwiftUpdateCheck = 0700;
				LastUpgradeCheck = 0700;
				ORGANIZATIONNAME = CelineChien;
				TargetAttributes = {
					76C8792D1B81BD01009A6CB2 = {
						CreatedOnToolsVersion = 7.0;
					};
				};
			};
			buildConfigurationList = 76C879291B81BD01009A6CB2 /* Build configuration list for PBXProject "OllieController_Celine" */;
			compatibilityVersion = "Xcode 3.2";
			developmentRegion = English;
			hasScannedForEncodings = 0;
			knownRegions = (
				en,
				Base,
			);
			mainGroup = 76C879251B81BD01009A6CB2;
			productRefGroup = 76C8792F1B81BD01009A6CB2 /* Products */;
			projectDirPath = "";
			projectRoot = "";
			targets = (
				76C8792D1B81BD01009A6CB2 /* OllieController_Celine */,
			);
		};
/* End PBXProject section */

/* Begin PBXResourcesBuildPhase section */
		76C8792C1B81BD01009A6CB2 /* Resources */ = {
			isa = PBXResourcesBuildPhase;
			buildActionMask = 2147483647;
			files = (
				76C8793C1B81BD01009A6CB2 /* LaunchScreen.storyboard in Resources */,
				76C879391B81BD01009A6CB2 /* Assets.xcassets in Resources */,
				76C879371B81BD01009A6CB2 /* Main.storyboard in Resources */,
			);
			runOnlyForDeploymentPostprocessing = 0;
		};
/* End PBXResourcesBuildPhase section */

/* Begin PBXSourcesBuildPhase section */
		76C8792A1B81BD01009A6CB2 /* Sources */ = {
			isa = PBXSourcesBuildPhase;
			buildActionMask = 2147483647;
			files = (
				76C879341B81BD01009A6CB2 /* ViewController.swift in Sources */,
				76C879321B81BD01009A6CB2 /* AppDelegate.swift in Sources */,
			);
			runOnlyForDeploymentPostprocessing = 0;
		};
/* End PBXSourcesBuildPhase section */

/* Begin PBXVariantGroup section */
		76C879351B81BD01009A6CB2 /* Main.storyboard */ = {
			isa = PBXVariantGroup;
			children = (
				76C879361B81BD01009A6CB2 /* Base */,
			);
			name = Main.storyboard;
			sourceTree = "<group>";
		};
		76C8793A1B81BD01009A6CB2 /* LaunchScreen.storyboard */ = {
			isa = PBXVariantGroup;
			children = (
				76C8793B1B81BD01009A6CB2 /* Base */,
			);
			name = LaunchScreen.storyboard;
			sourceTree = "<group>";
		};
/* End PBXVariantGroup section */

/* Begin XCBuildConfiguration section */
		76C8793E1B81BD01009A6CB2 /* Debug */ = {
			isa = XCBuildConfiguration;
			buildSettings = {
				ALWAYS_SEARCH_USER_PATHS = NO;
				CLANG_CXX_LANGUAGE_STANDARD = "gnu++0x";
				CLANG_CXX_LIBRARY = "libc++";
				CLANG_ENABLE_MODULES = YES;
				CLANG_ENABLE_OBJC_ARC = YES;
				CLANG_WARN_BOOL_CONVERSION = YES;
				CLANG_WARN_CONSTANT_CONVERSION = YES;
				CLANG_WARN_DIRECT_OBJC_ISA_USAGE = YES_ERROR;
				CLANG_WARN_EMPTY_BODY = YES;
				CLANG_WARN_ENUM_CONVERSION = YES;
				CLANG_WARN_INT_CONVERSION = YES;
				CLANG_WARN_OBJC_ROOT_CLASS = YES_ERROR;
				CLANG_WARN_UNREACHABLE_CODE = YES;
				CLANG_WARN__DUPLICATE_METHOD_MATCH = YES;
				"CODE_SIGN_IDENTITY[sdk=iphoneos*]" = "iPhone Developer";
				COPY_PHASE_STRIP = NO;
				DEBUG_INFORMATION_FORMAT = dwarf;
				ENABLE_STRICT_OBJC_MSGSEND = YES;
				ENABLE_TESTABILITY = YES;
				GCC_C_LANGUAGE_STANDARD = gnu99;
				GCC_DYNAMIC_NO_PIC = NO;
				GCC_NO_COMMON_BLOCKS = YES;
				GCC_OPTIMIZATION_LEVEL = 0;
				GCC_PREPROCESSOR_DEFINITIONS = (
					"DEBUG=1",
					"$(inherited)",
				);
				GCC_WARN_64_TO_32_BIT_CONVERSION = YES;
				GCC_WARN_ABOUT_RETURN_TYPE = YES_ERROR;
				GCC_WARN_UNDECLARED_SELECTOR = YES;
				GCC_WARN_UNINITIALIZED_AUTOS = YES_AGGRESSIVE;
				GCC_WARN_UNUSED_FUNCTION = YES;
				GCC_WARN_UNUSED_VARIABLE = YES;
				IPHONEOS_DEPLOYMENT_TARGET = 9.0;
				MTL_ENABLE_DEBUG_INFO = YES;
				ONLY_ACTIVE_ARCH = YES;
				SDKROOT = iphoneos;
				SWIFT_OPTIMIZATION_LEVEL = "-Onone";
			};
			name = Debug;
		};
		76C8793F1B81BD01009A6CB2 /* Release */ = {
			isa = XCBuildConfiguration;
			buildSettings = {
				ALWAYS_SEARCH_USER_PATHS = NO;
				CLANG_CXX_LANGUAGE_STANDARD = "gnu++0x";
				CLANG_CXX_LIBRARY = "libc++";
				CLANG_ENABLE_MODULES = YES;
				CLANG_ENABLE_OBJC_ARC = YES;
				CLANG_WARN_BOOL_CONVERSION = YES;
				CLANG_WARN_CONSTANT_CONVERSION = YES;
				CLANG_WARN_DIRECT_OBJC_ISA_USAGE = YES_ERROR;
				CLANG_WARN_EMPTY_BODY = YES;
				CLANG_WARN_ENUM_CONVERSION = YES;
				CLANG_WARN_INT_CONVERSION = YES;
				CLANG_WARN_OBJC_ROOT_CLASS = YES_ERROR;
				CLANG_WARN_UNREACHABLE_CODE = YES;
				CLANG_WARN__DUPLICATE_METHOD_MATCH = YES;
				"CODE_SIGN_IDENTITY[sdk=iphoneos*]" = "iPhone Developer";
				COPY_PHASE_STRIP = NO;
				DEBUG_INFORMATION_FORMAT = "dwarf-with-dsym";
				ENABLE_NS_ASSERTIONS = NO;
				ENABLE_STRICT_OBJC_MSGSEND = YES;
				GCC_C_LANGUAGE_STANDARD = gnu99;
				GCC_NO_COMMON_BLOCKS = YES;
				GCC_WARN_64_TO_32_BIT_CONVERSION = YES;
				GCC_WARN_ABOUT_RETURN_TYPE = YES_ERROR;
				GCC_WARN_UNDECLARED_SELECTOR = YES;
				GCC_WARN_UNINITIALIZED_AUTOS = YES_AGGRESSIVE;
				GCC_WARN_UNUSED_FUNCTION = YES;
				GCC_WARN_UNUSED_VARIABLE = YES;
				IPHONEOS_DEPLOYMENT_TARGET = 9.0;
				MTL_ENABLE_DEBUG_INFO = NO;
				SDKROOT = iphoneos;
				VALIDATE_PRODUCT = YES;
			};
			name = Release;
		};
		76C879411B81BD01009A6CB2 /* Debug */ = {
			isa = XCBuildConfiguration;
			buildSettings = {
				ASSETCATALOG_COMPILER_APPICON_NAME = AppIcon;
				CLANG_ENABLE_MODULES = YES;
				INFOPLIST_FILE = OllieController_Celine/Info.plist;
				LD_RUNPATH_SEARCH_PATHS = "$(inherited) @executable_path/Frameworks";
				OTHER_LDFLAGS = (
					"-ObjC",
					"-lstdc++",
				);
				PRODUCT_BUNDLE_IDENTIFIER = "com.YYQX.OllieController-Celine";
				PRODUCT_NAME = "$(TARGET_NAME)";
				SWIFT_OBJC_BRIDGING_HEADER = "OllieController_Celine-Bridging-Header.h";
				SWIFT_OPTIMIZATION_LEVEL = "-Onone";
			};
			name = Debug;
		};
		76C879421B81BD01009A6CB2 /* Release */ = {
			isa = XCBuildConfiguration;
			buildSettings = {
				ASSETCATALOG_COMPILER_APPICON_NAME = AppIcon;
				CLANG_ENABLE_MODULES = YES;
				INFOPLIST_FILE = OllieController_Celine/Info.plist;
				LD_RUNPATH_SEARCH_PATHS = "$(inherited) @executable_path/Frameworks";
				OTHER_LDFLAGS = (
					"-ObjC",
					"-lstdc++",
				);
				PRODUCT_BUNDLE_IDENTIFIER = "com.YYQX.OllieController-Celine";
				PRODUCT_NAME = "$(TARGET_NAME)";
				SWIFT_OBJC_BRIDGING_HEADER = "OllieController_Celine-Bridging-Header.h";
			};
			name = Release;
		};
/* End XCBuildConfiguration section */

/* Begin XCConfigurationList section */
		76C879291B81BD01009A6CB2 /* Build configuration list for PBXProject "OllieController_Celine" */ = {
			isa = XCConfigurationList;
			buildConfigurations = (
				76C8793E1B81BD01009A6CB2 /* Debug */,
				76C8793F1B81BD01009A6CB2 /* Release */,
			);
			defaultConfigurationIsVisible = 0;
			defaultConfigurationName = Release;
		};
		76C879401B81BD01009A6CB2 /* Build configuration list for PBXNativeTarget "OllieController_Celine" */ = {
			isa = XCConfigurationList;
			buildConfigurations = (
				76C879411B81BD01009A6CB2 /* Debug */,
				76C879421B81BD01009A6CB2 /* Release */,
			);
			defaultConfigurationIsVisible = 0;
		};
/* End XCConfigurationList section */
	};
	rootObject = 76C879261B81BD01009A6CB2 /* Project object */;
}
